{
  "name": "cmapjs",
  "version": "0.0.0",
  "lockfileVersion": 1,
  "requires": true,
  "dependencies": {
    "async-limiter": {
      "version": "1.0.1",
      "resolved": "https://registry.npmjs.org/async-limiter/-/async-limiter-1.0.1.tgz",
      "integrity": "sha512-csOlWGAcRFJaI6m+F2WKdnMKr4HhdhFVBk0H/QbJFMCr+uO2kwohwXQPxw/9OCxp05r5ghVBFSyioixx3gfkNQ=="
    },
    "eslint-config-naat": {
      "version": "github:neuroanatomy/eslint-config-naat#1ca059a5ca80041ad92ce74387ba9e3c6a296d71",
      "from": "github:neuroanatomy/eslint-config-naat",
      "dev": true
    },
    "jpeg-js": {
      "version": "0.4.0",
      "resolved": "https://registry.npmjs.org/jpeg-js/-/jpeg-js-0.4.0.tgz",
      "integrity": "sha512-960VHmtN1vTpasX/1LupLohdP5odwAT7oK/VSm6mW0M58LbrBnowLAPWAZhWGhDAGjzbMnPXZxzB/QYgBwkN0w=="
    },
    "node-stream-zip": {
      "version": "1.13.6",
      "resolved": "https://registry.npmjs.org/node-stream-zip/-/node-stream-zip-1.13.6.tgz",
      "integrity": "sha512-c7tRSVkLNOHvasWgmZ2d86cDgTWEygnkuuHNOY9c0mR3yLZtQTTrGvMaJ/fPs6+LOJn3240y30l5sjLaXFtcvw=="
    },
    "ws": {
      "version": "5.2.3",
      "resolved": "https://registry.npmjs.org/ws/-/ws-5.2.3.tgz",
      "integrity": "sha512-jZArVERrMsKUatIdnLzqvcfydI85dvd/Fp1u/VOpfdDWQ4c9qWXe+VIeAbQ5FrDwciAkr+lzofXLz3Kuf26AOA==",
      "requires": {
        "async-limiter": "~1.0.0"
      }
    }
  }
}
